
Microsoft Visual Studio Solution File, Format Version 12.00
# Visual Studio Version 16
VisualStudioVersion = 16.0.31321.278
MinimumVisualStudioVersion = 10.0.40219.1
Project("{D954291E-2A0B-460D-934E-DC6B0785DB48}") = "LanguageServerProtocol", "LanguageServerProtocol\LanguageServerProtocol.shproj", "{59D513F0-4FD2-49AD-A79A-848752EA8750}"
EndProject
Project("{FAE04EC0-301F-11D3-BF4B-00C04F79EFBC}") = "LanguageServerProcess", "LanguageServerProcess\LanguageServerProcess.csproj", "{65C8B342-BEC1-4BE8-A1A6-5E63122F5D92}"
EndProject
Project("{9A19103F-16F7-4668-BE54-9A1E7A4F7556}") = "HidemaruLspClient_BackEnd", "HidemaruLspClient_BackEnd\HidemaruLspClient_BackEnd.csproj", "{9C2EA281-4D00-40BB-AFD1-A900919AE2C2}"
	ProjectSection(ProjectDependencies) = postProject
		{B6DAB53D-B2EC-4D57-AFE7-649C54554D4D} = {B6DAB53D-B2EC-4D57-AFE7-649C54554D4D}
	EndProjectSection
EndProject
Project("{FAE04EC0-301F-11D3-BF4B-00C04F79EFBC}") = "HidemaruLspClient_FrontEnd", "HidemaruLspClient_FrontEnd\HidemaruLspClient_FrontEnd.csproj", "{3AC45AF0-E188-45B2-A8E8-F5E3688B31A0}"
	ProjectSection(ProjectDependencies) = postProject
		{B6DAB53D-B2EC-4D57-AFE7-649C54554D4D} = {B6DAB53D-B2EC-4D57-AFE7-649C54554D4D}
	EndProjectSection
EndProject
Project("{8BC9CEB8-8B4A-11D0-8D11-00A0C91BC942}") = "HidemaruLspClient_BackEndContract", "HidemaruLspClient_BackEndContract\HidemaruLspClient_BackEndContract.vcxproj", "{B6DAB53D-B2EC-4D57-AFE7-649C54554D4D}"
EndProject
Global
	GlobalSection(SharedMSBuildProjectFiles) = preSolution
		LanguageServerProtocol\LanguageServerProtocol.projitems*{59d513f0-4fd2-49ad-a79a-848752ea8750}*SharedItemsImports = 13
		LanguageServerProtocol\LanguageServerProtocol.projitems*{9c2ea281-4d00-40bb-afd1-a900919ae2c2}*SharedItemsImports = 5
	EndGlobalSection
	GlobalSection(SolutionConfigurationPlatforms) = preSolution
		Debug|Any CPU = Debug|Any CPU
		Debug|x64 = Debug|x64
		Debug|x86 = Debug|x86
		Release|Any CPU = Release|Any CPU
		Release|x64 = Release|x64
		Release|x86 = Release|x86
	EndGlobalSection
	GlobalSection(ProjectConfigurationPlatforms) = postSolution
		{65C8B342-BEC1-4BE8-A1A6-5E63122F5D92}.Debug|Any CPU.ActiveCfg = Debug|Any CPU
		{65C8B342-BEC1-4BE8-A1A6-5E63122F5D92}.Debug|Any CPU.Build.0 = Debug|Any CPU
		{65C8B342-BEC1-4BE8-A1A6-5E63122F5D92}.Debug|x64.ActiveCfg = Debug|Any CPU
		{65C8B342-BEC1-4BE8-A1A6-5E63122F5D92}.Debug|x64.Build.0 = Debug|Any CPU
		{65C8B342-BEC1-4BE8-A1A6-5E63122F5D92}.Debug|x86.ActiveCfg = Debug|Any CPU
		{65C8B342-BEC1-4BE8-A1A6-5E63122F5D92}.Debug|x86.Build.0 = Debug|Any CPU
		{65C8B342-BEC1-4BE8-A1A6-5E63122F5D92}.Release|Any CPU.ActiveCfg = Release|Any CPU
		{65C8B342-BEC1-4BE8-A1A6-5E63122F5D92}.Release|Any CPU.Build.0 = Release|Any CPU
		{65C8B342-BEC1-4BE8-A1A6-5E63122F5D92}.Release|x64.ActiveCfg = Release|Any CPU
		{65C8B342-BEC1-4BE8-A1A6-5E63122F5D92}.Release|x64.Build.0 = Release|Any CPU
		{65C8B342-BEC1-4BE8-A1A6-5E63122F5D92}.Release|x86.ActiveCfg = Release|Any CPU
		{65C8B342-BEC1-4BE8-A1A6-5E63122F5D92}.Release|x86.Build.0 = Release|Any CPU
		{9C2EA281-4D00-40BB-AFD1-A900919AE2C2}.Debug|Any CPU.ActiveCfg = Debug|Any CPU
		{9C2EA281-4D00-40BB-AFD1-A900919AE2C2}.Debug|Any CPU.Build.0 = Debug|Any CPU
		{9C2EA281-4D00-40BB-AFD1-A900919AE2C2}.Debug|x64.ActiveCfg = Debug|Any CPU
		{9C2EA281-4D00-40BB-AFD1-A900919AE2C2}.Debug|x64.Build.0 = Debug|Any CPU
		{9C2EA281-4D00-40BB-AFD1-A900919AE2C2}.Debug|x86.ActiveCfg = Debug|Any CPU
		{9C2EA281-4D00-40BB-AFD1-A900919AE2C2}.Debug|x86.Build.0 = Debug|Any CPU
		{9C2EA281-4D00-40BB-AFD1-A900919AE2C2}.Release|Any CPU.ActiveCfg = Release|Any CPU
		{9C2EA281-4D00-40BB-AFD1-A900919AE2C2}.Release|Any CPU.Build.0 = Release|Any CPU
		{9C2EA281-4D00-40BB-AFD1-A900919AE2C2}.Release|x64.ActiveCfg = Release|x64
		{9C2EA281-4D00-40BB-AFD1-A900919AE2C2}.Release|x64.Build.0 = Release|x64
		{9C2EA281-4D00-40BB-AFD1-A900919AE2C2}.Release|x86.ActiveCfg = Release|x86
		{9C2EA281-4D00-40BB-AFD1-A900919AE2C2}.Release|x86.Build.0 = Release|x86
		{3AC45AF0-E188-45B2-A8E8-F5E3688B31A0}.Debug|Any CPU.ActiveCfg = Debug|Any CPU
		{3AC45AF0-E188-45B2-A8E8-F5E3688B31A0}.Debug|Any CPU.Build.0 = Debug|Any CPU
		{3AC45AF0-E188-45B2-A8E8-F5E3688B31A0}.Debug|x64.ActiveCfg = Debug|Any CPU
		{3AC45AF0-E188-45B2-A8E8-F5E3688B31A0}.Debug|x64.Build.0 = Debug|Any CPU
		{3AC45AF0-E188-45B2-A8E8-F5E3688B31A0}.Debug|x86.ActiveCfg = Debug|Any CPU
		{3AC45AF0-E188-45B2-A8E8-F5E3688B31A0}.Debug|x86.Build.0 = Debug|Any CPU
		{3AC45AF0-E188-45B2-A8E8-F5E3688B31A0}.Release|Any CPU.ActiveCfg = Release|Any CPU
		{3AC45AF0-E188-45B2-A8E8-F5E3688B31A0}.Release|Any CPU.Build.0 = Release|Any CPU
		{3AC45AF0-E188-45B2-A8E8-F5E3688B31A0}.Release|x64.ActiveCfg = Release|x64
		{3AC45AF0-E188-45B2-A8E8-F5E3688B31A0}.Release|x64.Build.0 = Release|x64
		{3AC45AF0-E188-45B2-A8E8-F5E3688B31A0}.Release|x86.ActiveCfg = Release|x86
		{3AC45AF0-E188-45B2-A8E8-F5E3688B31A0}.Release|x86.Build.0 = Release|x86
		{B6DAB53D-B2EC-4D57-AFE7-649C54554D4D}.Debug|Any CPU.ActiveCfg = Debug|Win32
		{B6DAB53D-B2EC-4D57-AFE7-649C54554D4D}.Debug|x64.ActiveCfg = Debug|x64
		{B6DAB53D-B2EC-4D57-AFE7-649C54554D4D}.Debug|x64.Build.0 = Debug|x64
		{B6DAB53D-B2EC-4D57-AFE7-649C54554D4D}.Debug|x86.ActiveCfg = Debug|Win32
		{B6DAB53D-B2EC-4D57-AFE7-649C54554D4D}.Debug|x86.Build.0 = Debug|Win32
		{B6DAB53D-B2EC-4D57-AFE7-649C54554D4D}.Release|Any CPU.ActiveCfg = Release|Win32
		{B6DAB53D-B2EC-4D57-AFE7-649C54554D4D}.Release|x64.ActiveCfg = Release|x64
		{B6DAB53D-B2EC-4D57-AFE7-649C54554D4D}.Release|x64.Build.0 = Release|x64
		{B6DAB53D-B2EC-4D57-AFE7-649C54554D4D}.Release|x86.ActiveCfg = Release|Win32
		{B6DAB53D-B2EC-4D57-AFE7-649C54554D4D}.Release|x86.Build.0 = Release|Win32
	EndGlobalSection
	GlobalSection(SolutionProperties) = preSolution
		HideSolutionNode = FALSE
	EndGlobalSection
	GlobalSection(ExtensibilityGlobals) = postSolution
		SolutionGuid = {AE6A5EEB-D36A-42E4-A7F6-D2325797E711}
	EndGlobalSection
EndGlobal
