
Microsoft Visual Studio Solution File, Format Version 12.00
# Visual Studio Version 16
VisualStudioVersion = 16.0.31129.286
MinimumVisualStudioVersion = 10.0.40219.1
Project("{D954291E-2A0B-460D-934E-DC6B0785DB48}") = "LanguageServerProtocol", "LanguageServerProtocol\LanguageServerProtocol.shproj", "{59D513F0-4FD2-49AD-A79A-848752EA8750}"
EndProject
Project("{FAE04EC0-301F-11D3-BF4B-00C04F79EFBC}") = "UnitTest", "UnitTest\UnitTest.csproj", "{C7A9DDB7-73DC-4FB5-8624-CC9CAA0401F3}"
	ProjectSection(ProjectDependencies) = postProject
		{B6DAB53D-B2EC-4D57-AFE7-649C54554D4D} = {B6DAB53D-B2EC-4D57-AFE7-649C54554D4D}
		{65C8B342-BEC1-4BE8-A1A6-5E63122F5D92} = {65C8B342-BEC1-4BE8-A1A6-5E63122F5D92}
		{29694BDD-A9D5-4DA5-A946-BF3FCA210E34} = {29694BDD-A9D5-4DA5-A946-BF3FCA210E34}
		{3AC45AF0-E188-45B2-A8E8-F5E3688B31A0} = {3AC45AF0-E188-45B2-A8E8-F5E3688B31A0}
	EndProjectSection
EndProject
Project("{FAE04EC0-301F-11D3-BF4B-00C04F79EFBC}") = "ClientExample", "ClientExample\ClientExample.csproj", "{C433A9A6-1EFC-4229-A670-8458D3F7D95A}"
	ProjectSection(ProjectDependencies) = postProject
		{B6DAB53D-B2EC-4D57-AFE7-649C54554D4D} = {B6DAB53D-B2EC-4D57-AFE7-649C54554D4D}
		{65C8B342-BEC1-4BE8-A1A6-5E63122F5D92} = {65C8B342-BEC1-4BE8-A1A6-5E63122F5D92}
		{29694BDD-A9D5-4DA5-A946-BF3FCA210E34} = {29694BDD-A9D5-4DA5-A946-BF3FCA210E34}
		{3AC45AF0-E188-45B2-A8E8-F5E3688B31A0} = {3AC45AF0-E188-45B2-A8E8-F5E3688B31A0}
	EndProjectSection
EndProject
Project("{FAE04EC0-301F-11D3-BF4B-00C04F79EFBC}") = "LanguageServerProcess", "LanguageServerProcess\LanguageServerProcess.csproj", "{65C8B342-BEC1-4BE8-A1A6-5E63122F5D92}"
EndProject
Project("{9A19103F-16F7-4668-BE54-9A1E7A4F7556}") = "HidemaruLspClient_BackEnd", "HidemaruLspClient_BackEnd\HidemaruLspClient_BackEnd.csproj", "{29694BDD-A9D5-4DA5-A946-BF3FCA210E34}"
	ProjectSection(ProjectDependencies) = postProject
		{B6DAB53D-B2EC-4D57-AFE7-649C54554D4D} = {B6DAB53D-B2EC-4D57-AFE7-649C54554D4D}
	EndProjectSection
EndProject
Project("{2150E333-8FDC-42A3-9474-1A3956D46DE8}") = "Hidemaru", "Hidemaru", "{98A2EDFF-6D28-48CB-B585-780C2956400D}"
EndProject
Project("{FAE04EC0-301F-11D3-BF4B-00C04F79EFBC}") = "HidemaruLspClient_FrontEnd", "HidemaruLspClient_FrontEnd\HidemaruLspClient_FrontEnd.csproj", "{3AC45AF0-E188-45B2-A8E8-F5E3688B31A0}"
	ProjectSection(ProjectDependencies) = postProject
		{B6DAB53D-B2EC-4D57-AFE7-649C54554D4D} = {B6DAB53D-B2EC-4D57-AFE7-649C54554D4D}
	EndProjectSection
EndProject
Project("{8BC9CEB8-8B4A-11D0-8D11-00A0C91BC942}") = "HidemaruLspClient_BackEndContract", "HidemaruLspClient_BackEndContract\HidemaruLspClient_BackEndContract.vcxproj", "{B6DAB53D-B2EC-4D57-AFE7-649C54554D4D}"
EndProject
Global
	GlobalSection(SharedMSBuildProjectFiles) = preSolution
		LanguageServerProtocol\LanguageServerProtocol.projitems*{29694bdd-a9d5-4da5-a946-bf3fca210e34}*SharedItemsImports = 5
		LanguageServerProtocol\LanguageServerProtocol.projitems*{59d513f0-4fd2-49ad-a79a-848752ea8750}*SharedItemsImports = 13
		LanguageServerProtocol\LanguageServerProtocol.projitems*{c433a9a6-1efc-4229-a670-8458d3f7d95a}*SharedItemsImports = 4
		LanguageServerProtocol\LanguageServerProtocol.projitems*{c7a9ddb7-73dc-4fb5-8624-cc9caa0401f3}*SharedItemsImports = 4
	EndGlobalSection
	GlobalSection(SolutionConfigurationPlatforms) = preSolution
		Debug|Any CPU = Debug|Any CPU
		Debug|x64 = Debug|x64
		Debug|x86 = Debug|x86
		Release|Any CPU = Release|Any CPU
		Release|x64 = Release|x64
		Release|x86 = Release|x86
	EndGlobalSection
	GlobalSection(ProjectConfigurationPlatforms) = postSolution
		{C7A9DDB7-73DC-4FB5-8624-CC9CAA0401F3}.Debug|Any CPU.ActiveCfg = Debug|Any CPU
		{C7A9DDB7-73DC-4FB5-8624-CC9CAA0401F3}.Debug|Any CPU.Build.0 = Debug|Any CPU
		{C7A9DDB7-73DC-4FB5-8624-CC9CAA0401F3}.Debug|x64.ActiveCfg = Debug|Any CPU
		{C7A9DDB7-73DC-4FB5-8624-CC9CAA0401F3}.Debug|x64.Build.0 = Debug|Any CPU
		{C7A9DDB7-73DC-4FB5-8624-CC9CAA0401F3}.Debug|x86.ActiveCfg = Debug|Any CPU
		{C7A9DDB7-73DC-4FB5-8624-CC9CAA0401F3}.Debug|x86.Build.0 = Debug|Any CPU
		{C7A9DDB7-73DC-4FB5-8624-CC9CAA0401F3}.Release|Any CPU.ActiveCfg = Release|Any CPU
		{C7A9DDB7-73DC-4FB5-8624-CC9CAA0401F3}.Release|Any CPU.Build.0 = Release|Any CPU
		{C7A9DDB7-73DC-4FB5-8624-CC9CAA0401F3}.Release|x64.ActiveCfg = Release|Any CPU
		{C7A9DDB7-73DC-4FB5-8624-CC9CAA0401F3}.Release|x64.Build.0 = Release|Any CPU
		{C7A9DDB7-73DC-4FB5-8624-CC9CAA0401F3}.Release|x86.ActiveCfg = Release|Any CPU
		{C7A9DDB7-73DC-4FB5-8624-CC9CAA0401F3}.Release|x86.Build.0 = Release|Any CPU
		{C433A9A6-1EFC-4229-A670-8458D3F7D95A}.Debug|Any CPU.ActiveCfg = Debug|Any CPU
		{C433A9A6-1EFC-4229-A670-8458D3F7D95A}.Debug|Any CPU.Build.0 = Debug|Any CPU
		{C433A9A6-1EFC-4229-A670-8458D3F7D95A}.Debug|x64.ActiveCfg = Debug|Any CPU
		{C433A9A6-1EFC-4229-A670-8458D3F7D95A}.Debug|x64.Build.0 = Debug|Any CPU
		{C433A9A6-1EFC-4229-A670-8458D3F7D95A}.Debug|x86.ActiveCfg = Debug|Any CPU
		{C433A9A6-1EFC-4229-A670-8458D3F7D95A}.Debug|x86.Build.0 = Debug|Any CPU
		{C433A9A6-1EFC-4229-A670-8458D3F7D95A}.Release|Any CPU.ActiveCfg = Release|Any CPU
		{C433A9A6-1EFC-4229-A670-8458D3F7D95A}.Release|Any CPU.Build.0 = Release|Any CPU
		{C433A9A6-1EFC-4229-A670-8458D3F7D95A}.Release|x64.ActiveCfg = Release|Any CPU
		{C433A9A6-1EFC-4229-A670-8458D3F7D95A}.Release|x64.Build.0 = Release|Any CPU
		{C433A9A6-1EFC-4229-A670-8458D3F7D95A}.Release|x86.ActiveCfg = Release|Any CPU
		{C433A9A6-1EFC-4229-A670-8458D3F7D95A}.Release|x86.Build.0 = Release|Any CPU
		{65C8B342-BEC1-4BE8-A1A6-5E63122F5D92}.Debug|Any CPU.ActiveCfg = Debug|Any CPU
		{65C8B342-BEC1-4BE8-A1A6-5E63122F5D92}.Debug|Any CPU.Build.0 = Debug|Any CPU
		{65C8B342-BEC1-4BE8-A1A6-5E63122F5D92}.Debug|x64.ActiveCfg = Debug|Any CPU
		{65C8B342-BEC1-4BE8-A1A6-5E63122F5D92}.Debug|x64.Build.0 = Debug|Any CPU
		{65C8B342-BEC1-4BE8-A1A6-5E63122F5D92}.Debug|x86.ActiveCfg = Debug|Any CPU
		{65C8B342-BEC1-4BE8-A1A6-5E63122F5D92}.Debug|x86.Build.0 = Debug|Any CPU
		{65C8B342-BEC1-4BE8-A1A6-5E63122F5D92}.Release|Any CPU.ActiveCfg = Release|Any CPU
		{65C8B342-BEC1-4BE8-A1A6-5E63122F5D92}.Release|Any CPU.Build.0 = Release|Any CPU
		{65C8B342-BEC1-4BE8-A1A6-5E63122F5D92}.Release|x64.ActiveCfg = Release|Any CPU
		{65C8B342-BEC1-4BE8-A1A6-5E63122F5D92}.Release|x64.Build.0 = Release|Any CPU
		{65C8B342-BEC1-4BE8-A1A6-5E63122F5D92}.Release|x86.ActiveCfg = Release|Any CPU
		{65C8B342-BEC1-4BE8-A1A6-5E63122F5D92}.Release|x86.Build.0 = Release|Any CPU
		{29694BDD-A9D5-4DA5-A946-BF3FCA210E34}.Debug|Any CPU.ActiveCfg = Debug|Any CPU
		{29694BDD-A9D5-4DA5-A946-BF3FCA210E34}.Debug|Any CPU.Build.0 = Debug|Any CPU
		{29694BDD-A9D5-4DA5-A946-BF3FCA210E34}.Debug|x64.ActiveCfg = Debug|Any CPU
		{29694BDD-A9D5-4DA5-A946-BF3FCA210E34}.Debug|x64.Build.0 = Debug|Any CPU
		{29694BDD-A9D5-4DA5-A946-BF3FCA210E34}.Debug|x86.ActiveCfg = Debug|Any CPU
		{29694BDD-A9D5-4DA5-A946-BF3FCA210E34}.Debug|x86.Build.0 = Debug|Any CPU
		{29694BDD-A9D5-4DA5-A946-BF3FCA210E34}.Release|Any CPU.ActiveCfg = Release|Any CPU
		{29694BDD-A9D5-4DA5-A946-BF3FCA210E34}.Release|Any CPU.Build.0 = Release|Any CPU
		{29694BDD-A9D5-4DA5-A946-BF3FCA210E34}.Release|x64.ActiveCfg = Release|Any CPU
		{29694BDD-A9D5-4DA5-A946-BF3FCA210E34}.Release|x64.Build.0 = Release|Any CPU
		{29694BDD-A9D5-4DA5-A946-BF3FCA210E34}.Release|x86.ActiveCfg = Release|Any CPU
		{29694BDD-A9D5-4DA5-A946-BF3FCA210E34}.Release|x86.Build.0 = Release|Any CPU
		{3AC45AF0-E188-45B2-A8E8-F5E3688B31A0}.Debug|Any CPU.ActiveCfg = Debug|Any CPU
		{3AC45AF0-E188-45B2-A8E8-F5E3688B31A0}.Debug|Any CPU.Build.0 = Debug|Any CPU
		{3AC45AF0-E188-45B2-A8E8-F5E3688B31A0}.Debug|x64.ActiveCfg = Debug|Any CPU
		{3AC45AF0-E188-45B2-A8E8-F5E3688B31A0}.Debug|x64.Build.0 = Debug|Any CPU
		{3AC45AF0-E188-45B2-A8E8-F5E3688B31A0}.Debug|x86.ActiveCfg = Debug|Any CPU
		{3AC45AF0-E188-45B2-A8E8-F5E3688B31A0}.Debug|x86.Build.0 = Debug|Any CPU
		{3AC45AF0-E188-45B2-A8E8-F5E3688B31A0}.Release|Any CPU.ActiveCfg = Release|Any CPU
		{3AC45AF0-E188-45B2-A8E8-F5E3688B31A0}.Release|Any CPU.Build.0 = Release|Any CPU
		{3AC45AF0-E188-45B2-A8E8-F5E3688B31A0}.Release|x64.ActiveCfg = Release|Any CPU
		{3AC45AF0-E188-45B2-A8E8-F5E3688B31A0}.Release|x64.Build.0 = Release|Any CPU
		{3AC45AF0-E188-45B2-A8E8-F5E3688B31A0}.Release|x86.ActiveCfg = Release|Any CPU
		{3AC45AF0-E188-45B2-A8E8-F5E3688B31A0}.Release|x86.Build.0 = Release|Any CPU
		{B6DAB53D-B2EC-4D57-AFE7-649C54554D4D}.Debug|Any CPU.ActiveCfg = Debug|x64
		{B6DAB53D-B2EC-4D57-AFE7-649C54554D4D}.Debug|Any CPU.Build.0 = Debug|x64
		{B6DAB53D-B2EC-4D57-AFE7-649C54554D4D}.Debug|x64.ActiveCfg = Debug|x64
		{B6DAB53D-B2EC-4D57-AFE7-649C54554D4D}.Debug|x64.Build.0 = Debug|x64
		{B6DAB53D-B2EC-4D57-AFE7-649C54554D4D}.Debug|x86.ActiveCfg = Debug|Win32
		{B6DAB53D-B2EC-4D57-AFE7-649C54554D4D}.Debug|x86.Build.0 = Debug|Win32
		{B6DAB53D-B2EC-4D57-AFE7-649C54554D4D}.Release|Any CPU.ActiveCfg = Release|x64
		{B6DAB53D-B2EC-4D57-AFE7-649C54554D4D}.Release|Any CPU.Build.0 = Release|x64
		{B6DAB53D-B2EC-4D57-AFE7-649C54554D4D}.Release|x64.ActiveCfg = Release|x64
		{B6DAB53D-B2EC-4D57-AFE7-649C54554D4D}.Release|x64.Build.0 = Release|x64
		{B6DAB53D-B2EC-4D57-AFE7-649C54554D4D}.Release|x86.ActiveCfg = Release|Win32
		{B6DAB53D-B2EC-4D57-AFE7-649C54554D4D}.Release|x86.Build.0 = Release|Win32
	EndGlobalSection
	GlobalSection(SolutionProperties) = preSolution
		HideSolutionNode = FALSE
	EndGlobalSection
	GlobalSection(NestedProjects) = preSolution
		{65C8B342-BEC1-4BE8-A1A6-5E63122F5D92} = {98A2EDFF-6D28-48CB-B585-780C2956400D}
		{29694BDD-A9D5-4DA5-A946-BF3FCA210E34} = {98A2EDFF-6D28-48CB-B585-780C2956400D}
		{3AC45AF0-E188-45B2-A8E8-F5E3688B31A0} = {98A2EDFF-6D28-48CB-B585-780C2956400D}
		{B6DAB53D-B2EC-4D57-AFE7-649C54554D4D} = {98A2EDFF-6D28-48CB-B585-780C2956400D}
	EndGlobalSection
	GlobalSection(ExtensibilityGlobals) = postSolution
		SolutionGuid = {0028BCC8-EE41-471C-B4FC-664C8C2C75CC}
	EndGlobalSection
EndGlobal
